
Microsoft Visual Studio Solution File, Format Version 12.00
# Visual Studio Version 17
VisualStudioVersion = 17.4.33213.308
MinimumVisualStudioVersion = 10.0.40219.1
Project("{9A19103F-16F7-4668-BE54-9A1E7A4F7556}") = "GameMaintenance", "GameMaintenance\GameMaintenance.csproj", "{F1156100-0E58-4A75-B131-C51D1B2CC2DC}"
EndProject
Project("{54435603-DBB4-11D2-8724-00A0C9A8B90C}") = "DAT_Maintenancer", "DAT_Maintenancer\DAT_Maintenancer.vdproj", "{B6B3ED9E-560F-44BA-AB25-F2B374C2EE73}"
EndProject
Global
	GlobalSection(SolutionConfigurationPlatforms) = preSolution
		Debug|Any CPU = Debug|Any CPU
		Release|Any CPU = Release|Any CPU
	EndGlobalSection
	GlobalSection(ProjectConfigurationPlatforms) = postSolution
		{F1156100-0E58-4A75-B131-C51D1B2CC2DC}.Debug|Any CPU.ActiveCfg = Debug|Any CPU
		{F1156100-0E58-4A75-B131-C51D1B2CC2DC}.Debug|Any CPU.Build.0 = Debug|Any CPU
		{F1156100-0E58-4A75-B131-C51D1B2CC2DC}.Release|Any CPU.ActiveCfg = Release|Any CPU
		{F1156100-0E58-4A75-B131-C51D1B2CC2DC}.Release|Any CPU.Build.0 = Release|Any CPU
		{B6B3ED9E-560F-44BA-AB25-F2B374C2EE73}.Debug|Any CPU.ActiveCfg = Debug
		{B6B3ED9E-560F-44BA-AB25-F2B374C2EE73}.Release|Any CPU.ActiveCfg = Release
	EndGlobalSection
	GlobalSection(SolutionProperties) = preSolution
		HideSolutionNode = FALSE
	EndGlobalSection
	GlobalSection(ExtensibilityGlobals) = postSolution
		SolutionGuid = {EDC4D334-A0C8-4C1F-BC49-EE17721EB0A1}
	EndGlobalSection
EndGlobal
